version: 2.0
shards:
  clang:
    git: https://github.com/crystal-lang/clang.cr.git
    version: 0.3.0+git.commit.0d56959e75ba9c8bdff8085d6ed30e205ac0bebf

  markd:
    git: https://github.com/icyleaf/markd.git
    version: 0.5.0

  reply:
    git: https://github.com/i3oris/reply.git
    version: 0.3.1+git.commit.13f7eba083f138dd063c68b859c8e315f44fb523

  sanitize:
    git: https://github.com/straight-shoota/sanitize.git
    version: 0.1.0+git.commit.75c141b619c77956e88f557149566cd28876398b

